{
  "socketPath": "\\\\.\\pipe\\mcp-c609bbe4-4397-4ed4-9005-0fd07f2fc247.sock",
  "scheme": "pipe",
  "headers": {
    "Authorization": "Nonce 5cfda181-1219-4efb-b5d1-da9ffeafc9e7"
  },
  "pid": 8760,
  "ideName": "Visual Studio Code",
  "timestamp": 1773216878546,
  "workspaceFolders": [
    "c:\\Users\\User\\Desktop\\PROJECT2"
  ],
  "isTrusted": true
}